# This file is automatically @generated by Cargo.
# It is not intended for manual editing.
version = 3

[[package]]
name = "anstream"
version = "0.5.0"
source = "registry+https://github.com/rust-lang/crates.io-index"
checksum = "b1f58811cfac344940f1a400b6e6231ce35171f614f26439e80f8c1465c5cc0c"
dependencies = [
 "anstyle",
 "anstyle-parse",
 "anstyle-query",
 "anstyle-wincon",
 "colorchoice",
 "utf8parse",
]

[[package]]
name = "anstyle"
version = "1.0.0"
source = "registry+https://github.com/rust-lang/crates.io-index"
checksum = "41ed9a86bf92ae6580e0a31281f65a1b1d867c0cc68d5346e2ae128dddfa6a7d"

[[package]]
name = "anstyle-parse"
version = "0.2.0"
source = "registry+https://github.com/rust-lang/crates.io-index"
checksum = "e765fd216e48e067936442276d1d57399e37bce53c264d6fefbe298080cb57ee"
dependencies = [
 "utf8parse",
]

[[package]]
name = "anstyle-query"
version = "1.0.0"
source = "registry+https://github.com/rust-lang/crates.io-index"
checksum = "5ca11d4be1bab0c8bc8734a9aa7bf4ee8316d462a08c6ac5052f888fef5b494b"
dependencies = [
 "windows-sys",
]

[[package]]
name = "anstyle-wincon"
version = "2.1.0"
source = "registry+https://github.com/rust-lang/crates.io-index"
checksum = "58f54d10c6dfa51283a066ceab3ec1ab78d13fae00aa49243a45e4571fb79dfd"
dependencies = [
 "anstyle",
 "windows-sys",
]

[[package]]
name = "calendrical_calculations"
version = "0.1.0"
source = "registry+https://github.com/rust-lang/crates.io-index"
checksum = "8dfe3bc6a50b4667fafdb6d9cf26731c5418c457e317d8166c972014facf9a5d"
dependencies = [
 "core_maths",
 "displaydoc",
]

[[package]]
name = "cfg-if"
version = "1.0.0"
source = "registry+https://github.com/rust-lang/crates.io-index"
checksum = "baf1de4339761588bc0619e3cbc0120ee582ebb74b53b4efbf79117bd2da40fd"

[[package]]
name = "clap"
version = "4.4.2"
source = "registry+https://github.com/rust-lang/crates.io-index"
checksum = "6a13b88d2c62ff462f88e4a121f17a82c1af05693a2f192b5c38d14de73c19f6"
dependencies = [
 "clap_builder",
 "clap_derive",
]

[[package]]
name = "clap_builder"
version = "4.4.2"
source = "registry+https://github.com/rust-lang/crates.io-index"
checksum = "2bb9faaa7c2ef94b2743a21f5a29e6f0010dff4caa69ac8e9d6cf8b6fa74da08"
dependencies = [
 "anstream",
 "anstyle",
 "clap_lex",
 "strsim",
]

[[package]]
name = "clap_derive"
version = "4.4.2"
source = "registry+https://github.com/rust-lang/crates.io-index"
checksum = "0862016ff20d69b84ef8247369fabf5c008a7417002411897d40ee1f4532b873"
dependencies = [
 "heck",
 "proc-macro2",
 "quote",
 "syn 2.0.15",
]

[[package]]
name = "clap_lex"
version = "0.5.1"
source = "registry+https://github.com/rust-lang/crates.io-index"
checksum = "cd7cc57abe963c6d3b9d8be5b06ba7c8957a930305ca90304f24ef040aa6f961"

[[package]]
name = "colorchoice"
version = "1.0.0"
source = "registry+https://github.com/rust-lang/crates.io-index"
checksum = "acbf1af155f9b9ef647e42cdc158db4b64a1b61f743629225fde6f3e0be2a7c7"

[[package]]
name = "core_maths"
version = "0.1.0"
source = "registry+https://github.com/rust-lang/crates.io-index"
checksum = "e3b02505ccb8c50b0aa21ace0fc08c3e53adebd4e58caa18a36152803c7709a3"
dependencies = [
 "libm",
]

[[package]]
name = "displaydoc"
version = "0.2.3"
source = "registry+https://github.com/rust-lang/crates.io-index"
checksum = "3bf95dc3f046b9da4f2d51833c0d3547d8564ef6910f5c1ed130306a75b92886"
dependencies = [
 "proc-macro2",
 "quote",
 "syn 1.0.109",
]

[[package]]
name = "either"
version = "1.8.1"
source = "registry+https://github.com/rust-lang/crates.io-index"
checksum = "7fcaabb2fef8c910e7f4c7ce9f67a1283a1715879a7c230ca9d6d1ae31f16d91"

[[package]]
name = "fixed_decimal"
version = "0.5.5"
source = "registry+https://github.com/rust-lang/crates.io-index"
checksum = "cbc7fdec9d7f6671a3ebb3282c969962aba67c49f6abac5311959b65cafabc10"
dependencies = [
 "displaydoc",
 "smallvec",
 "writeable",
]

[[package]]
name = "getrandom"
version = "0.2.9"
source = "registry+https://github.com/rust-lang/crates.io-index"
checksum = "c85e1d9ab2eadba7e5040d4e09cbd6d072b76a557ad64e797c2cb9d4da21d7e4"
dependencies = [
 "cfg-if",
 "libc",
 "wasi",
]

[[package]]
name = "heck"
version = "0.4.1"
source = "registry+https://github.com/rust-lang/crates.io-index"
checksum = "95505c38b4572b2d910cecb0281560f54b440a19336cbbcb27bf6ce6adc6f5a8"

[[package]]
name = "icu"
version = "1.4.0"
source = "registry+https://github.com/rust-lang/crates.io-index"
checksum = "21be1c98fbdb29fff7e34b2939a4f30dad330d4cc20f7be1b3956e21032f67ba"
dependencies = [
 "icu_calendar",
 "icu_casemap",
 "icu_collator",
 "icu_collections",
 "icu_compactdecimal",
 "icu_datetime",
 "icu_decimal",
 "icu_displaynames",
 "icu_list",
 "icu_locid",
 "icu_locid_transform",
 "icu_normalizer",
 "icu_plurals",
 "icu_properties",
 "icu_provider",
 "icu_relativetime",
 "icu_segmenter",
 "icu_timezone",
]

[[package]]
name = "icu_calendar"
version = "1.4.0"
source = "registry+https://github.com/rust-lang/crates.io-index"
checksum = "7eb932a690c92f87955e923106181ee0d5682e688ff37fb5c7b296e1fe806edb"
dependencies = [
 "calendrical_calculations",
 "displaydoc",
 "icu_calendar_data",
 "icu_locid",
 "icu_locid_transform",
 "icu_provider",
 "tinystr",
 "writeable",
 "zerovec",
]

[[package]]
name = "icu_calendar_data"
version = "1.4.0"
source = "registry+https://github.com/rust-lang/crates.io-index"
checksum = "22aec7d032735d9acb256eeef72adcac43c3b7572f19b51576a63d664b524ca2"

[[package]]
name = "icu_casemap"
version = "1.4.0"
source = "registry+https://github.com/rust-lang/crates.io-index"
checksum = "7988d4f2655012592ac5b027722a93fbe12ff2a86d3e0f9ae686aedba0984f5e"
dependencies = [
 "displaydoc",
 "icu_casemap_data",
 "icu_collections",
 "icu_locid",
 "icu_properties",
 "icu_provider",
 "writeable",
 "zerovec",
]

[[package]]
name = "icu_casemap_data"
version = "1.4.0"
source = "registry+https://github.com/rust-lang/crates.io-index"
checksum = "f36409fb8ce6f87c408310d87396ac471cc7320e007e648814c607c60fe77cc5"

[[package]]
name = "icu_collator"
version = "1.4.0"
source = "registry+https://github.com/rust-lang/crates.io-index"
checksum = "8a2a45056e541cffde068f5c81ac1c0503b9ee2a4b967546422e509c5c653750"
dependencies = [
 "displaydoc",
 "icu_collator_data",
 "icu_collections",
 "icu_locid",
 "icu_locid_transform",
 "icu_normalizer",
 "icu_properties",
 "icu_provider",
 "smallvec",
 "utf16_iter",
 "utf8_iter",
 "zerovec",
]

[[package]]
name = "icu_collator_data"
version = "1.4.0"
source = "registry+https://github.com/rust-lang/crates.io-index"
checksum = "39774016c5b9ad006941f3196fea83ade662d9167eb573111c8f4cc9593e2999"

[[package]]
name = "icu_collections"
version = "1.4.0"
source = "registry+https://github.com/rust-lang/crates.io-index"
checksum = "137d96353afc8544d437e8a99eceb10ab291352699573b0de5b08bda38c78c60"
dependencies = [
 "displaydoc",
 "yoke",
 "zerofrom",
 "zerovec",
]

[[package]]
name = "icu_compactdecimal"
version = "0.2.3"
source = "registry+https://github.com/rust-lang/crates.io-index"
checksum = "0d3c22da90659121ae1e38bd0fb378d15179c820f56a0c278032fb4eb5a0ca60"
dependencies = [
 "displaydoc",
 "fixed_decimal",
 "icu_compactdecimal_data",
 "icu_decimal",
 "icu_locid_transform",
 "icu_plurals",
 "icu_provider",
 "writeable",
 "zerovec",
]

[[package]]
name = "icu_compactdecimal_data"
version = "1.4.0"
source = "registry+https://github.com/rust-lang/crates.io-index"
checksum = "53eaf4902ee2e804f2583611722f6961fe85f31eab7ec790f47dde2d1cd494fb"

[[package]]
name = "icu_datetime"
version = "1.4.0"
source = "registry+https://github.com/rust-lang/crates.io-index"
checksum = "1508c7ed627cc0b031c81203eb98f34433e24b32b39d5b2c0238e4962a00957d"
dependencies = [
 "displaydoc",
 "either",
 "fixed_decimal",
 "icu_calendar",
 "icu_datetime_data",
 "icu_decimal",
 "icu_locid",
 "icu_locid_transform",
 "icu_plurals",
 "icu_provider",
 "icu_timezone",
 "smallvec",
 "tinystr",
 "writeable",
 "zerovec",
]

[[package]]
name = "icu_datetime_data"
version = "1.4.0"
source = "registry+https://github.com/rust-lang/crates.io-index"
checksum = "e6abc569cb4ee80b30707566f05c5c9ed4bed765f91ce41e7f5a37c5e6a75b3f"

[[package]]
name = "icu_decimal"
version = "1.4.0"
source = "registry+https://github.com/rust-lang/crates.io-index"
checksum = "dcf994f9ed8061c17bb313f28fba6cffc736f0a16c7fab827efc9b73fd3f7778"
dependencies = [
 "displaydoc",
 "fixed_decimal",
 "icu_decimal_data",
 "icu_locid",
 "icu_locid_transform",
 "icu_provider",
 "writeable",
]

[[package]]
name = "icu_decimal_data"
version = "1.4.0"
source = "registry+https://github.com/rust-lang/crates.io-index"
checksum = "df2de3548316b697c70f30dec1395c9212db09df1d86a27624ee24872b71326c"

[[package]]
name = "icu_displaynames"
version = "0.11.2"
source = "registry+https://github.com/rust-lang/crates.io-index"
checksum = "726c0d83ff52f05907275f39e5bb7949a92fa3d09538de60cf73ccf8ee89a613"
dependencies = [
 "icu_displaynames_data",
 "icu_locid",
 "icu_locid_transform",
 "icu_provider",
 "tinystr",
 "zerovec",
]

[[package]]
name = "icu_displaynames_data"
version = "1.4.0"
source = "registry+https://github.com/rust-lang/crates.io-index"
checksum = "af40e6b723e5e6d9359cf0bb4e4ed6dfb9d6ab16b73b5c82b61f947e88bb30f6"

[[package]]
name = "icu_list"
version = "1.4.0"
source = "registry+https://github.com/rust-lang/crates.io-index"
checksum = "fe6c04ec71ad1bacdbfb47164d4801f80a0533d9340f94f1a880f521eff59f54"
dependencies = [
 "displaydoc",
 "icu_list_data",
 "icu_locid_transform",
 "icu_provider",
 "regex-automata",
 "writeable",
]

[[package]]
name = "icu_list_data"
version = "1.4.0"
source = "registry+https://github.com/rust-lang/crates.io-index"
checksum = "42f6afcf7a9a7fedece70b7f17d7a7ecdfb8df145d37ae46d0277cd1e3932532"

[[package]]
name = "icu_locid"
version = "1.4.0"
source = "registry+https://github.com/rust-lang/crates.io-index"
checksum = "5c0aa2536adc14c07e2a521e95512b75ed8ef832f0fdf9299d4a0a45d2be2a9d"
dependencies = [
 "displaydoc",
 "litemap",
 "tinystr",
 "writeable",
 "zerovec",
]

[[package]]
name = "icu_locid_transform"
version = "1.4.0"
source = "registry+https://github.com/rust-lang/crates.io-index"
checksum = "57c17d8f6524fdca4471101dd71f0a132eb6382b5d6d7f2970441cb25f6f435a"
dependencies = [
 "displaydoc",
 "icu_locid",
 "icu_locid_transform_data",
 "icu_provider",
 "tinystr",
 "zerovec",
]

[[package]]
name = "icu_locid_transform_data"
version = "1.4.0"
source = "registry+https://github.com/rust-lang/crates.io-index"
checksum = "545c6c3e8bf9580e2dafee8de6f9ec14826aaf359787789c7724f1f85f47d3dc"

[[package]]
name = "icu_normalizer"
version = "1.4.0"
source = "registry+https://github.com/rust-lang/crates.io-index"
checksum = "419a6ef743237a64c37619def388b13f6266318a24652dff91ca046a7c4afc40"
dependencies = [
 "displaydoc",
 "icu_collections",
 "icu_normalizer_data",
 "icu_properties",
 "icu_provider",
 "smallvec",
 "utf16_iter",
 "utf8_iter",
 "write16",
 "zerovec",
]

[[package]]
name = "icu_normalizer_data"
version = "1.4.0"
source = "registry+https://github.com/rust-lang/crates.io-index"
checksum = "22026918a80e6a9a330cb01b60f950e2b4e5284c59528fd0c6150076ef4c8522"

[[package]]
name = "icu_plurals"
version = "1.4.0"
source = "registry+https://github.com/rust-lang/crates.io-index"
checksum = "37d807b123eb2a9ae8f12080fb8cce479f5c8a761fba0bb5ab52da6dd5e31a03"
dependencies = [
 "displaydoc",
 "fixed_decimal",
 "icu_locid",
 "icu_locid_transform",
 "icu_plurals_data",
 "icu_provider",
 "zerovec",
]

[[package]]
name = "icu_plurals_data"
version = "1.4.0"
source = "registry+https://github.com/rust-lang/crates.io-index"
checksum = "c3acd5f1f2f988ed2dae9316c3d3560dfe4e03a7516d142b4b89b92252ada41a"

[[package]]
name = "icu_properties"
version = "1.4.0"
source = "registry+https://github.com/rust-lang/crates.io-index"
checksum = "976e296217453af983efa25f287a4c1da04b9a63bf1ed63719455068e4453eb5"
dependencies = [
 "displaydoc",
 "icu_collections",
 "icu_locid_transform",
 "icu_properties_data",
 "icu_provider",
 "tinystr",
 "zerovec",
]

[[package]]
name = "icu_properties_data"
version = "1.4.0"
source = "registry+https://github.com/rust-lang/crates.io-index"
checksum = "f6a86c0e384532b06b6c104814f9c1b13bcd5b64409001c0d05713a1f3529d99"

[[package]]
name = "icu_provider"
version = "1.4.0"
source = "registry+https://github.com/rust-lang/crates.io-index"
checksum = "ba58e782287eb6950247abbf11719f83f5d4e4a5c1f2cd490d30a334bc47c2f4"
dependencies = [
 "displaydoc",
 "icu_locid",
 "icu_provider_macros",
 "stable_deref_trait",
 "tinystr",
 "writeable",
 "yoke",
 "zerofrom",
 "zerovec",
]

[[package]]
name = "icu_provider_macros"
version = "1.4.0"
source = "registry+https://github.com/rust-lang/crates.io-index"
checksum = "d2abdd3a62551e8337af119c5899e600ca0c88ec8f23a46c60ba216c803dcf1a"
dependencies = [
 "proc-macro2",
 "quote",
 "syn 2.0.15",
]

[[package]]
name = "icu_relativetime"
version = "0.1.4"
source = "registry+https://github.com/rust-lang/crates.io-index"
checksum = "47825312a5eb0790bad7b718fa8d41a8ea1e0ba597b4f7bb84bcfe97d7fc5aba"
dependencies = [
 "displaydoc",
 "fixed_decimal",
 "icu_decimal",
 "icu_locid_transform",
 "icu_plurals",
 "icu_provider",
 "icu_relativetime_data",
 "writeable",
 "zerovec",
]

[[package]]
name = "icu_relativetime_data"
version = "1.4.0"
source = "registry+https://github.com/rust-lang/crates.io-index"
checksum = "05b55cc15ea8981fbba78e9347d0c4003d4490c85f76e9adc7f270290046cae8"

[[package]]
name = "icu_segmenter"
version = "1.4.0"
source = "registry+https://github.com/rust-lang/crates.io-index"
checksum = "b2dc1e8f4ba33a6a4956770ac5c08570f255d6605519fb3a859a0c0a270a2f8f"
dependencies = [
 "core_maths",
 "displaydoc",
 "icu_collections",
 "icu_locid",
 "icu_provider",
 "icu_segmenter_data",
 "utf8_iter",
 "zerovec",
]

[[package]]
name = "icu_segmenter_data"
version = "1.4.0"
source = "registry+https://github.com/rust-lang/crates.io-index"
checksum = "3673d6698dcffce08cfe8fc5da3c11c3f2c663d5d6137fd58ab2cbf44235ab46"

[[package]]
name = "icu_timezone"
version = "1.4.0"
source = "registry+https://github.com/rust-lang/crates.io-index"
checksum = "b35aabe571a7c653c0f543ff1512b8a1b2ad481cfa24b3d25115298d2ff3b50f"
dependencies = [
 "displaydoc",
 "icu_calendar",
 "icu_locid",
 "icu_provider",
 "icu_timezone_data",
 "tinystr",
 "zerotrie",
 "zerovec",
]

[[package]]
name = "icu_timezone_data"
version = "1.4.0"
source = "registry+https://github.com/rust-lang/crates.io-index"
checksum = "6ceee21e181cce2ab44e95923da6b3418df75369f570df82264c29c51ca398d4"

[[package]]
name = "itertools"
version = "0.10.5"
source = "registry+https://github.com/rust-lang/crates.io-index"
checksum = "b0fd2260e829bddf4cb6ea802289de2f86d6a7a690192fbe91b3f46e0f2c8473"
dependencies = [
 "either",
]

[[package]]
name = "itoa"
version = "1.0.6"
source = "registry+https://github.com/rust-lang/crates.io-index"
checksum = "453ad9f582a441959e5f0d088b02ce04cfe8d51a8eaf077f12ac6d3e94164ca6"

[[package]]
name = "libc"
version = "0.2.141"
source = "registry+https://github.com/rust-lang/crates.io-index"
checksum = "3304a64d199bb964be99741b7a14d26972741915b3649639149b2479bb46f4b5"

[[package]]
name = "libm"
version = "0.2.6"
source = "registry+https://github.com/rust-lang/crates.io-index"
checksum = "348108ab3fba42ec82ff6e9564fc4ca0247bdccdc68dd8af9764bbc79c3c8ffb"

[[package]]
name = "litemap"
version = "0.7.2"
source = "registry+https://github.com/rust-lang/crates.io-index"
checksum = "f9d642685b028806386b2b6e75685faadd3eb65a85fff7df711ce18446a422da"

[[package]]
name = "memchr"
version = "2.5.0"
source = "registry+https://github.com/rust-lang/crates.io-index"
checksum = "2dffe52ecf27772e601905b7522cb4ef790d2cc203488bbd0e2fe85fcb74566d"

[[package]]
name = "ppv-lite86"
version = "0.2.17"
source = "registry+https://github.com/rust-lang/crates.io-index"
checksum = "5b40af805b3121feab8a3c29f04d8ad262fa8e0561883e7653e024ae4479e6de"

[[package]]
name = "proc-macro2"
version = "1.0.56"
source = "registry+https://github.com/rust-lang/crates.io-index"
checksum = "2b63bdb0cd06f1f4dedf69b254734f9b45af66e4a031e42a7480257d9898b435"
dependencies = [
 "unicode-ident",
]

[[package]]
name = "quote"
version = "1.0.26"
source = "registry+https://github.com/rust-lang/crates.io-index"
checksum = "4424af4bf778aae2051a77b60283332f386554255d722233d09fbfc7e30da2fc"
dependencies = [
 "proc-macro2",
]

[[package]]
name = "radix_fmt"
version = "1.0.0"
source = "registry+https://github.com/rust-lang/crates.io-index"
checksum = "ce082a9940a7ace2ad4a8b7d0b1eac6aa378895f18be598230c5f2284ac05426"

[[package]]
name = "rand"
version = "0.8.5"
source = "registry+https://github.com/rust-lang/crates.io-index"
checksum = "34af8d1a0e25924bc5b7c43c079c942339d8f0a8b57c39049bef581b46327404"
dependencies = [
 "libc",
 "rand_chacha",
 "rand_core",
]

[[package]]
name = "rand_chacha"
version = "0.3.1"
source = "registry+https://github.com/rust-lang/crates.io-index"
checksum = "e6c10a63a0fa32252be49d21e7709d4d4baf8d231c2dbce1eaa8141b9b127d88"
dependencies = [
 "ppv-lite86",
 "rand_core",
]

[[package]]
name = "rand_core"
version = "0.6.4"
source = "registry+https://github.com/rust-lang/crates.io-index"
checksum = "ec0be4795e2f6a28069bec0b5ff3e2ac9bafc99e6a9a7dc3547996c5c816922c"
dependencies = [
 "getrandom",
]

[[package]]
name = "regex-automata"
version = "0.2.0"
source = "registry+https://github.com/rust-lang/crates.io-index"
checksum = "e9368763f5a9b804326f3af749e16f9abf378d227bcdee7634b13d8f17793782"
dependencies = [
 "memchr",
]

[[package]]
name = "ryu"
version = "1.0.13"
source = "registry+https://github.com/rust-lang/crates.io-index"
checksum = "f91339c0467de62360649f8d3e185ca8de4224ff281f66000de5eb2a77a79041"

[[package]]
name = "serde"
version = "1.0.163"
source = "registry+https://github.com/rust-lang/crates.io-index"
checksum = "2113ab51b87a539ae008b5c6c02dc020ffa39afd2d83cffcb3f4eb2722cebec2"
dependencies = [
 "serde_derive",
]

[[package]]
name = "serde_derive"
version = "1.0.163"
source = "registry+https://github.com/rust-lang/crates.io-index"
checksum = "8c805777e3930c8883389c602315a24224bcc738b63905ef87cd1420353ea93e"
dependencies = [
 "proc-macro2",
 "quote",
 "syn 2.0.15",
]

[[package]]
name = "serde_json"
version = "1.0.96"
source = "registry+https://github.com/rust-lang/crates.io-index"
checksum = "057d394a50403bcac12672b2b18fb387ab6d289d957dab67dd201875391e52f1"
dependencies = [
 "itoa",
 "ryu",
 "serde",
]

[[package]]
name = "smallvec"
version = "1.10.0"
source = "registry+https://github.com/rust-lang/crates.io-index"
checksum = "a507befe795404456341dfab10cef66ead4c041f62b8b11bbb92bffe5d0953e0"

[[package]]
name = "stable_deref_trait"
version = "1.2.0"
source = "registry+https://github.com/rust-lang/crates.io-index"
checksum = "a8f112729512f8e442d81f95a8a7ddf2b7c6b8a1a6f509a95864142b30cab2d3"

[[package]]
name = "strsim"
version = "0.10.0"
source = "registry+https://github.com/rust-lang/crates.io-index"
checksum = "73473c0e59e6d5812c5dfe2a064a6444949f089e20eec9a2e5506596494e4623"

[[package]]
name = "syn"
version = "1.0.109"
source = "registry+https://github.com/rust-lang/crates.io-index"
checksum = "72b64191b275b66ffe2469e8af2c1cfe3bafa67b529ead792a6d0160888b4237"
dependencies = [
 "proc-macro2",
 "quote",
 "unicode-ident",
]

[[package]]
name = "syn"
version = "2.0.15"
source = "registry+https://github.com/rust-lang/crates.io-index"
checksum = "a34fcf3e8b60f57e6a14301a2e916d323af98b0ea63c599441eec8558660c822"
dependencies = [
 "proc-macro2",
 "quote",
 "unicode-ident",
]

[[package]]
name = "synstructure"
version = "0.12.6"
source = "registry+https://github.com/rust-lang/crates.io-index"
checksum = "f36bdaa60a83aca3921b5259d5400cbf5e90fc51931376a9bd4a0eb79aa7210f"
dependencies = [
 "proc-macro2",
 "quote",
 "syn 1.0.109",
 "unicode-xid",
]

[[package]]
name = "synstructure"
version = "0.13.0"
source = "registry+https://github.com/rust-lang/crates.io-index"
checksum = "285ba80e733fac80aa4270fbcdf83772a79b80aa35c97075320abfee4a915b06"
dependencies = [
 "proc-macro2",
 "quote",
 "syn 2.0.15",
 "unicode-xid",
]

[[package]]
name = "tidy"
version = "0.3.4"
dependencies = [
 "clap",
 "icu",
 "icu_collator",
 "itertools",
 "memchr",
 "radix_fmt",
 "rand",
 "serde",
 "serde_json",
 "unicode-normalization",
 "unicode-segmentation",
]

[[package]]
name = "tinystr"
version = "0.7.5"
source = "registry+https://github.com/rust-lang/crates.io-index"
checksum = "83c02bf3c538ab32ba913408224323915f4ef9a6d61c0e85d493f355921c0ece"
dependencies = [
 "displaydoc",
 "zerovec",
]

[[package]]
name = "tinyvec"
version = "1.6.0"
source = "registry+https://github.com/rust-lang/crates.io-index"
checksum = "87cc5ceb3875bb20c2890005a4e226a4651264a5c75edb2421b52861a0a0cb50"
dependencies = [
 "tinyvec_macros",
]

[[package]]
name = "tinyvec_macros"
version = "0.1.1"
source = "registry+https://github.com/rust-lang/crates.io-index"
checksum = "1f3ccbac311fea05f86f61904b462b55fb3df8837a366dfc601a0161d0532f20"

[[package]]
name = "unicode-ident"
version = "1.0.8"
source = "registry+https://github.com/rust-lang/crates.io-index"
checksum = "e5464a87b239f13a63a501f2701565754bae92d243d4bb7eb12f6d57d2269bf4"

[[package]]
name = "unicode-normalization"
version = "0.1.22"
source = "registry+https://github.com/rust-lang/crates.io-index"
checksum = "5c5713f0fc4b5db668a2ac63cdb7bb4469d8c9fed047b1d0292cc7b0ce2ba921"
dependencies = [
 "tinyvec",
]

[[package]]
name = "unicode-segmentation"
version = "1.10.1"
source = "registry+https://github.com/rust-lang/crates.io-index"
checksum = "1dd624098567895118886609431a7c3b8f516e41d30e0643f03d94592a147e36"

[[package]]
name = "unicode-xid"
version = "0.2.4"
source = "registry+https://github.com/rust-lang/crates.io-index"
checksum = "f962df74c8c05a667b5ee8bcf162993134c104e96440b663c8daa176dc772d8c"

[[package]]
name = "utf16_iter"
version = "1.0.4"
source = "registry+https://github.com/rust-lang/crates.io-index"
checksum = "52df8b7fb78e7910d776fccf2e42ceaf3604d55e8e7eb2dbd183cb1441d8a692"

[[package]]
name = "utf8_iter"
version = "1.0.3"
source = "registry+https://github.com/rust-lang/crates.io-index"
checksum = "64a8922555b9500e3d865caed19330172cd67cbf82203f1a3311d8c305cc9f33"

[[package]]
name = "utf8parse"
version = "0.2.1"
source = "registry+https://github.com/rust-lang/crates.io-index"
checksum = "711b9620af191e0cdc7468a8d14e709c3dcdb115b36f838e601583af800a370a"

[[package]]
name = "wasi"
version = "0.11.0+wasi-snapshot-preview1"
source = "registry+https://github.com/rust-lang/crates.io-index"
checksum = "9c8d87e72b64a3b4db28d11ce29237c246188f4f51057d65a7eab63b7987e423"

[[package]]
name = "windows-sys"
version = "0.48.0"
source = "registry+https://github.com/rust-lang/crates.io-index"
checksum = "677d2418bec65e3338edb076e806bc1ec15693c5d0104683f2efe857f61056a9"
dependencies = [
 "windows-targets",
]

[[package]]
name = "windows-targets"
version = "0.48.0"
source = "registry+https://github.com/rust-lang/crates.io-index"
checksum = "7b1eb6f0cd7c80c79759c929114ef071b87354ce476d9d94271031c0497adfd5"
dependencies = [
 "windows_aarch64_gnullvm",
 "windows_aarch64_msvc",
 "windows_i686_gnu",
 "windows_i686_msvc",
 "windows_x86_64_gnu",
 "windows_x86_64_gnullvm",
 "windows_x86_64_msvc",
]

[[package]]
name = "windows_aarch64_gnullvm"
version = "0.48.0"
source = "registry+https://github.com/rust-lang/crates.io-index"
checksum = "91ae572e1b79dba883e0d315474df7305d12f569b400fcf90581b06062f7e1bc"

[[package]]
name = "windows_aarch64_msvc"
version = "0.48.0"
source = "registry+https://github.com/rust-lang/crates.io-index"
checksum = "b2ef27e0d7bdfcfc7b868b317c1d32c641a6fe4629c171b8928c7b08d98d7cf3"

[[package]]
name = "windows_i686_gnu"
version = "0.48.0"
source = "registry+https://github.com/rust-lang/crates.io-index"
checksum = "622a1962a7db830d6fd0a69683c80a18fda201879f0f447f065a3b7467daa241"

[[package]]
name = "windows_i686_msvc"
version = "0.48.0"
source = "registry+https://github.com/rust-lang/crates.io-index"
checksum = "4542c6e364ce21bf45d69fdd2a8e455fa38d316158cfd43b3ac1c5b1b19f8e00"

[[package]]
name = "windows_x86_64_gnu"
version = "0.48.0"
source = "registry+https://github.com/rust-lang/crates.io-index"
checksum = "ca2b8a661f7628cbd23440e50b05d705db3686f894fc9580820623656af974b1"

[[package]]
name = "windows_x86_64_gnullvm"
version = "0.48.0"
source = "registry+https://github.com/rust-lang/crates.io-index"
checksum = "7896dbc1f41e08872e9d5e8f8baa8fdd2677f29468c4e156210174edc7f7b953"

[[package]]
name = "windows_x86_64_msvc"
version = "0.48.0"
source = "registry+https://github.com/rust-lang/crates.io-index"
checksum = "1a515f5799fe4961cb532f983ce2b23082366b898e52ffbce459c86f67c8378a"

[[package]]
name = "write16"
version = "1.0.0"
source = "registry+https://github.com/rust-lang/crates.io-index"
checksum = "d1890f4022759daae28ed4fe62859b1236caebfc61ede2f63ed4e695f3f6d936"

[[package]]
name = "writeable"
version = "0.5.4"
source = "registry+https://github.com/rust-lang/crates.io-index"
checksum = "dad7bb64b8ef9c0aa27b6da38b452b0ee9fd82beaf276a87dd796fb55cbae14e"

[[package]]
name = "yoke"
version = "0.7.3"
source = "registry+https://github.com/rust-lang/crates.io-index"
checksum = "65e71b2e4f287f467794c671e2b8f8a5f3716b3c829079a1c44740148eff07e4"
dependencies = [
 "serde",
 "stable_deref_trait",
 "yoke-derive",
 "zerofrom",
]

[[package]]
name = "yoke-derive"
version = "0.7.3"
source = "registry+https://github.com/rust-lang/crates.io-index"
checksum = "9e6936f0cce458098a201c245a11bef556c6a0181129c7034d10d76d1ec3a2b8"
dependencies = [
 "proc-macro2",
 "quote",
 "syn 2.0.15",
 "synstructure 0.13.0",
]

[[package]]
name = "zerofrom"
version = "0.1.2"
source = "registry+https://github.com/rust-lang/crates.io-index"
checksum = "df54d76c3251de27615dfcce21e636c172dafb2549cd7fd93e21c66f6ca6bea2"
dependencies = [
 "zerofrom-derive",
]

[[package]]
name = "zerofrom-derive"
version = "0.1.2"
source = "registry+https://github.com/rust-lang/crates.io-index"
checksum = "b4eae7c1f7d4b8eafce526bc0771449ddc2f250881ae31c50d22c032b5a1c499"
dependencies = [
 "proc-macro2",
 "quote",
 "syn 1.0.109",
 "synstructure 0.12.6",
]

[[package]]
name = "zerotrie"
version = "0.1.2"
source = "registry+https://github.com/rust-lang/crates.io-index"
checksum = "d0594125a0574fb93059c92c588ab209cc036a23d1baeb3410fa9181bea551a0"
dependencies = [
 "displaydoc",
 "yoke",
 "zerofrom",
]

[[package]]
name = "zerovec"
version = "0.10.1"
source = "registry+https://github.com/rust-lang/crates.io-index"
checksum = "eff4439ae91fb5c72b8abc12f3f2dbf51bd27e6eadb9f8a5bc8898dddb0e27ea"
dependencies = [
 "yoke",
 "zerofrom",
 "zerovec-derive",
]

[[package]]
name = "zerovec-derive"
version = "0.10.1"
source = "registry+https://github.com/rust-lang/crates.io-index"
checksum = "7b4e5997cbf58990550ef1f0e5124a05e47e1ebd33a84af25739be6031a62c20"
dependencies = [
 "proc-macro2",
 "quote",
 "syn 2.0.15",
]
